// !$*UTF8*$!
{
	archiveVersion = 1;
	classes = {
	};
	objectVersion = 46;
	objects = {

/* Begin PBXBuildFile section */
		5D07FE7E18184DF400CE924D /* Foundation.framework in Frameworks */ = {isa = PBXBuildFile; fileRef = 5D07FE7D18184DF400CE924D /* Foundation.framework */; };
		5D07FE8018184DF400CE924D /* CoreGraphics.framework in Frameworks */ = {isa = PBXBuildFile; fileRef = 5D07FE7F18184DF400CE924D /* CoreGraphics.framework */; };
		5D07FE8218184DF400CE924D /* UIKit.framework in Frameworks */ = {isa = PBXBuildFile; fileRef = 5D07FE8118184DF400CE924D /* UIKit.framework */; };
		5D07FE8818184DF400CE924D /* InfoPlist.strings in Resources */ = {isa = PBXBuildFile; fileRef = 5D07FE8618184DF400CE924D /* InfoPlist.strings */; };
		5D07FE8A18184DF400CE924D /* main.m in Sources */ = {isa = PBXBuildFile; fileRef = 5D07FE8918184DF400CE924D /* main.m */; };
		5D07FE8E18184DF400CE924D /* CLSAppDelegate.m in Sources */ = {isa = PBXBuildFile; fileRef = 5D07FE8D18184DF400CE924D /* CLSAppDelegate.m */; };
		5D07FE9018184DF400CE924D /* Images.xcassets in Resources */ = {isa = PBXBuildFile; fileRef = 5D07FE8F18184DF400CE924D /* Images.xcassets */; };
		5D07FE9718184DF400CE924D /* XCTest.framework in Frameworks */ = {isa = PBXBuildFile; fileRef = 5D07FE9618184DF400CE924D /* XCTest.framework */; };
		5D07FE9818184DF400CE924D /* Foundation.framework in Frameworks */ = {isa = PBXBuildFile; fileRef = 5D07FE7D18184DF400CE924D /* Foundation.framework */; };
		5D07FE9918184DF400CE924D /* UIKit.framework in Frameworks */ = {isa = PBXBuildFile; fileRef = 5D07FE8118184DF400CE924D /* UIKit.framework */; };
		5D07FEA118184DF400CE924D /* InfoPlist.strings in Resources */ = {isa = PBXBuildFile; fileRef = 5D07FE9F18184DF400CE924D /* InfoPlist.strings */; };
		5D07FEA318184DF400CE924D /* Cola_ShakerTests.m in Sources */ = {isa = PBXBuildFile; fileRef = 5D07FEA218184DF400CE924D /* Cola_ShakerTests.m */; };
		5D07FEAD18184E0D00CE924D /* MainStoryboard.storyboard in Resources */ = {isa = PBXBuildFile; fileRef = 5D07FEAC18184E0D00CE924D /* MainStoryboard.storyboard */; };
		5D07FEB018184E3A00CE924D /* CLSGameViewController.m in Sources */ = {isa = PBXBuildFile; fileRef = 5D07FEAF18184E3A00CE924D /* CLSGameViewController.m */; };
		5D07FEB418184E9200CE924D /* CLSShakerScene.m in Sources */ = {isa = PBXBuildFile; fileRef = 5D07FEB318184E9200CE924D /* CLSShakerScene.m */; };
		5D07FEB71818782E00CE924D /* CLSCan.m in Sources */ = {isa = PBXBuildFile; fileRef = 5D07FEB61818782E00CE924D /* CLSCan.m */; };
		5D1DE30C1827E9730086E6A1 /* CLSKickCameraNode.m in Sources */ = {isa = PBXBuildFile; fileRef = 5D1DE30B1827E9730086E6A1 /* CLSKickCameraNode.m */; };
		5D1DE312182800880086E6A1 /* city.atlas in Resources */ = {isa = PBXBuildFile; fileRef = 5D1DE311182800880086E6A1 /* city.atlas */; };
		5D1DE315182814DD0086E6A1 /* CLSColaFoam.sks in Resources */ = {isa = PBXBuildFile; fileRef = 5D1DE313182814DD0086E6A1 /* CLSColaFoam.sks */; };
		5D1DE316182814DD0086E6A1 /* spark.png in Resources */ = {isa = PBXBuildFile; fileRef = 5D1DE314182814DD0086E6A1 /* spark.png */; };
		5D1DE31A182862F40086E6A1 /* CLSMenuScene.m in Sources */ = {isa = PBXBuildFile; fileRef = 5D1DE319182862F40086E6A1 /* CLSMenuScene.m */; };
		5D1DE31D182863080086E6A1 /* CLSMenuViewController.m in Sources */ = {isa = PBXBuildFile; fileRef = 5D1DE31C182863080086E6A1 /* CLSMenuViewController.m */; };
		5D1DE327182866AB0086E6A1 /* ACKNOWLEDGEMENTS in Resources */ = {isa = PBXBuildFile; fileRef = 5D1DE320182866AB0086E6A1 /* ACKNOWLEDGEMENTS */; };
		5D1DE328182866AB0086E6A1 /* CHANGES in Resources */ = {isa = PBXBuildFile; fileRef = 5D1DE321182866AB0086E6A1 /* CHANGES */; };
		5D1DE329182866AB0086E6A1 /* README in Resources */ = {isa = PBXBuildFile; fileRef = 5D1DE322182866AB0086E6A1 /* README */; };
		5D1DE32A182866AB0086E6A1 /* SmallBet.bundle in Resources */ = {isa = PBXBuildFile; fileRef = 5D1DE323182866AB0086E6A1 /* SmallBet.bundle */; };
		5D1DE32B182866AB0086E6A1 /* SmallBet.xcconfig in Resources */ = {isa = PBXBuildFile; fileRef = 5D1DE324182866AB0086E6A1 /* SmallBet.xcconfig */; };
		5D1DE32C182866AB0086E6A1 /* VERSION in Resources */ = {isa = PBXBuildFile; fileRef = 5D1DE325182866AB0086E6A1 /* VERSION */; };
		5D1DE32D182866AB0086E6A1 /* SmallBet.framework in Frameworks */ = {isa = PBXBuildFile; fileRef = 5D1DE326182866AB0086E6A1 /* SmallBet.framework */; };
		5D1DE342182867F20086E6A1 /* AFHTTPClient.m in Sources */ = {isa = PBXBuildFile; fileRef = 5D1DE330182867F20086E6A1 /* AFHTTPClient.m */; };
		5D1DE343182867F20086E6A1 /* AFHTTPRequestOperation.m in Sources */ = {isa = PBXBuildFile; fileRef = 5D1DE332182867F20086E6A1 /* AFHTTPRequestOperation.m */; };
		5D1DE344182867F20086E6A1 /* AFImageRequestOperation.m in Sources */ = {isa = PBXBuildFile; fileRef = 5D1DE334182867F20086E6A1 /* AFImageRequestOperation.m */; };
		5D1DE345182867F20086E6A1 /* AFJSONRequestOperation.m in Sources */ = {isa = PBXBuildFile; fileRef = 5D1DE336182867F20086E6A1 /* AFJSONRequestOperation.m */; };
		5D1DE346182867F20086E6A1 /* AFNetworkActivityIndicatorManager.m in Sources */ = {isa = PBXBuildFile; fileRef = 5D1DE338182867F20086E6A1 /* AFNetworkActivityIndicatorManager.m */; };
		5D1DE347182867F20086E6A1 /* AFPropertyListRequestOperation.m in Sources */ = {isa = PBXBuildFile; fileRef = 5D1DE33B182867F20086E6A1 /* AFPropertyListRequestOperation.m */; };
		5D1DE348182867F20086E6A1 /* AFURLConnectionOperation.m in Sources */ = {isa = PBXBuildFile; fileRef = 5D1DE33D182867F20086E6A1 /* AFURLConnectionOperation.m */; };
		5D1DE349182867F20086E6A1 /* AFXMLRequestOperation.m in Sources */ = {isa = PBXBuildFile; fileRef = 5D1DE33F182867F20086E6A1 /* AFXMLRequestOperation.m */; };
		5D1DE34A182867F20086E6A1 /* UIImageView+AFNetworking.m in Sources */ = {isa = PBXBuildFile; fileRef = 5D1DE341182867F20086E6A1 /* UIImageView+AFNetworking.m */; };
		5D1DE350182939EB0086E6A1 /* CLSSlidingNode.m in Sources */ = {isa = PBXBuildFile; fileRef = 5D1DE34F182939EB0086E6A1 /* CLSSlidingNode.m */; };
		5D4EBB5D182790ED00204561 /* cola.atlas in Resources */ = {isa = PBXBuildFile; fileRef = 5D4EBB5C182790ED00204561 /* cola.atlas */; };
		5D70EB2F182014DF00482B00 /* CLSKickScene.m in Sources */ = {isa = PBXBuildFile; fileRef = 5D70EB2E182014DF00482B00 /* CLSKickScene.m */; };
		5DB702EE1821BCB800964CC5 /* CLSKickCanSprite.m in Sources */ = {isa = PBXBuildFile; fileRef = 5DB702ED1821BCB800964CC5 /* CLSKickCanSprite.m */; };
		5DD72D8418268E330048D928 /* SKTUtils.mm in Sources */ = {isa = PBXBuildFile; fileRef = 5DD72D8318268E330048D928 /* SKTUtils.mm */; };
/* End PBXBuildFile section */

/* Begin PBXContainerItemProxy section */
		5D07FE9A18184DF400CE924D /* PBXContainerItemProxy */ = {
			isa = PBXContainerItemProxy;
			containerPortal = 5D07FE7218184DF400CE924D /* Project object */;
			proxyType = 1;
			remoteGlobalIDString = 5D07FE7918184DF400CE924D;
			remoteInfo = "Cola Shaker";
		};
/* End PBXContainerItemProxy section */

/* Begin PBXFileReference section */
		5D07FE7A18184DF400CE924D /* Cola Shaker.app */ = {isa = PBXFileReference; explicitFileType = wrapper.application; includeInIndex = 0; path = "Cola Shaker.app"; sourceTree = BUILT_PRODUCTS_DIR; };
		5D07FE7D18184DF400CE924D /* Foundation.framework */ = {isa = PBXFileReference; lastKnownFileType = wrapper.framework; name = Foundation.framework; path = System/Library/Frameworks/Foundation.framework; sourceTree = SDKROOT; };
		5D07FE7F18184DF400CE924D /* CoreGraphics.framework */ = {isa = PBXFileReference; lastKnownFileType = wrapper.framework; name = CoreGraphics.framework; path = System/Library/Frameworks/CoreGraphics.framework; sourceTree = SDKROOT; };
		5D07FE8118184DF400CE924D /* UIKit.framework */ = {isa = PBXFileReference; lastKnownFileType = wrapper.framework; name = UIKit.framework; path = System/Library/Frameworks/UIKit.framework; sourceTree = SDKROOT; };
		5D07FE8518184DF400CE924D /* Cola Shaker-Info.plist */ = {isa = PBXFileReference; lastKnownFileType = text.plist.xml; path = "Cola Shaker-Info.plist"; sourceTree = "<group>"; };
		5D07FE8718184DF400CE924D /* en */ = {isa = PBXFileReference; lastKnownFileType = text.plist.strings; name = en; path = en.lproj/InfoPlist.strings; sourceTree = "<group>"; };
		5D07FE8918184DF400CE924D /* main.m */ = {isa = PBXFileReference; lastKnownFileType = sourcecode.c.objc; path = main.m; sourceTree = "<group>"; };
		5D07FE8B18184DF400CE924D /* Cola Shaker-Prefix.pch */ = {isa = PBXFileReference; lastKnownFileType = sourcecode.c.h; path = "Cola Shaker-Prefix.pch"; sourceTree = "<group>"; };
		5D07FE8C18184DF400CE924D /* CLSAppDelegate.h */ = {isa = PBXFileReference; lastKnownFileType = sourcecode.c.h; path = CLSAppDelegate.h; sourceTree = "<group>"; };
		5D07FE8D18184DF400CE924D /* CLSAppDelegate.m */ = {isa = PBXFileReference; lastKnownFileType = sourcecode.c.objc; path = CLSAppDelegate.m; sourceTree = "<group>"; };
		5D07FE8F18184DF400CE924D /* Images.xcassets */ = {isa = PBXFileReference; lastKnownFileType = folder.assetcatalog; path = Images.xcassets; sourceTree = "<group>"; };
		5D07FE9518184DF400CE924D /* Cola ShakerTests.xctest */ = {isa = PBXFileReference; explicitFileType = wrapper.cfbundle; includeInIndex = 0; path = "Cola ShakerTests.xctest"; sourceTree = BUILT_PRODUCTS_DIR; };
		5D07FE9618184DF400CE924D /* XCTest.framework */ = {isa = PBXFileReference; lastKnownFileType = wrapper.framework; name = XCTest.framework; path = Library/Frameworks/XCTest.framework; sourceTree = DEVELOPER_DIR; };
		5D07FE9E18184DF400CE924D /* Cola ShakerTests-Info.plist */ = {isa = PBXFileReference; lastKnownFileType = text.plist.xml; path = "Cola ShakerTests-Info.plist"; sourceTree = "<group>"; };
		5D07FEA018184DF400CE924D /* en */ = {isa = PBXFileReference; lastKnownFileType = text.plist.strings; name = en; path = en.lproj/InfoPlist.strings; sourceTree = "<group>"; };
		5D07FEA218184DF400CE924D /* Cola_ShakerTests.m */ = {isa = PBXFileReference; lastKnownFileType = sourcecode.c.objc; path = Cola_ShakerTests.m; sourceTree = "<group>"; };
		5D07FEAC18184E0D00CE924D /* MainStoryboard.storyboard */ = {isa = PBXFileReference; fileEncoding = 4; lastKnownFileType = file.storyboard; path = MainStoryboard.storyboard; sourceTree = "<group>"; };
		5D07FEAE18184E3A00CE924D /* CLSGameViewController.h */ = {isa = PBXFileReference; fileEncoding = 4; lastKnownFileType = sourcecode.c.h; path = CLSGameViewController.h; sourceTree = "<group>"; };
		5D07FEAF18184E3A00CE924D /* CLSGameViewController.m */ = {isa = PBXFileReference; fileEncoding = 4; lastKnownFileType = sourcecode.c.objc; path = CLSGameViewController.m; sourceTree = "<group>"; };
		5D07FEB218184E9200CE924D /* CLSShakerScene.h */ = {isa = PBXFileReference; fileEncoding = 4; lastKnownFileType = sourcecode.c.h; path = CLSShakerScene.h; sourceTree = "<group>"; };
		5D07FEB318184E9200CE924D /* CLSShakerScene.m */ = {isa = PBXFileReference; fileEncoding = 4; lastKnownFileType = sourcecode.c.objc; path = CLSShakerScene.m; sourceTree = "<group>"; };
		5D07FEB51818782E00CE924D /* CLSCan.h */ = {isa = PBXFileReference; fileEncoding = 4; lastKnownFileType = sourcecode.c.h; path = CLSCan.h; sourceTree = "<group>"; };
		5D07FEB61818782E00CE924D /* CLSCan.m */ = {isa = PBXFileReference; fileEncoding = 4; lastKnownFileType = sourcecode.c.objc; path = CLSCan.m; sourceTree = "<group>"; };
		5D1DE30A1827E9730086E6A1 /* CLSKickCameraNode.h */ = {isa = PBXFileReference; fileEncoding = 4; lastKnownFileType = sourcecode.c.h; path = CLSKickCameraNode.h; sourceTree = "<group>"; };
		5D1DE30B1827E9730086E6A1 /* CLSKickCameraNode.m */ = {isa = PBXFileReference; fileEncoding = 4; lastKnownFileType = sourcecode.c.objc; path = CLSKickCameraNode.m; sourceTree = "<group>"; };
		5D1DE311182800880086E6A1 /* city.atlas */ = {isa = PBXFileReference; lastKnownFileType = folder.skatlas; path = city.atlas; sourceTree = "<group>"; };
		5D1DE313182814DD0086E6A1 /* CLSColaFoam.sks */ = {isa = PBXFileReference; lastKnownFileType = file.sks; path = CLSColaFoam.sks; sourceTree = "<group>"; };
		5D1DE314182814DD0086E6A1 /* spark.png */ = {isa = PBXFileReference; lastKnownFileType = image.png; path = spark.png; sourceTree = "<group>"; };
		5D1DE318182862F40086E6A1 /* CLSMenuScene.h */ = {isa = PBXFileReference; fileEncoding = 4; lastKnownFileType = sourcecode.c.h; path = CLSMenuScene.h; sourceTree = "<group>"; };
		5D1DE319182862F40086E6A1 /* CLSMenuScene.m */ = {isa = PBXFileReference; fileEncoding = 4; lastKnownFileType = sourcecode.c.objc; path = CLSMenuScene.m; sourceTree = "<group>"; };
		5D1DE31B182863080086E6A1 /* CLSMenuViewController.h */ = {isa = PBXFileReference; fileEncoding = 4; lastKnownFileType = sourcecode.c.h; path = CLSMenuViewController.h; sourceTree = "<group>"; };
		5D1DE31C182863080086E6A1 /* CLSMenuViewController.m */ = {isa = PBXFileReference; fileEncoding = 4; lastKnownFileType = sourcecode.c.objc; path = CLSMenuViewController.m; sourceTree = "<group>"; };
		5D1DE320182866AB0086E6A1 /* ACKNOWLEDGEMENTS */ = {isa = PBXFileReference; fileEncoding = 4; lastKnownFileType = text; path = ACKNOWLEDGEMENTS; sourceTree = "<group>"; };
		5D1DE321182866AB0086E6A1 /* CHANGES */ = {isa = PBXFileReference; fileEncoding = 4; lastKnownFileType = text; path = CHANGES; sourceTree = "<group>"; };
		5D1DE322182866AB0086E6A1 /* README */ = {isa = PBXFileReference; fileEncoding = 4; lastKnownFileType = text; path = README; sourceTree = "<group>"; };
		5D1DE323182866AB0086E6A1 /* SmallBet.bundle */ = {isa = PBXFileReference; lastKnownFileType = "wrapper.plug-in"; path = SmallBet.bundle; sourceTree = "<group>"; };
		5D1DE324182866AB0086E6A1 /* SmallBet.xcconfig */ = {isa = PBXFileReference; fileEncoding = 4; lastKnownFileType = text.xcconfig; path = SmallBet.xcconfig; sourceTree = "<group>"; };
		5D1DE325182866AB0086E6A1 /* VERSION */ = {isa = PBXFileReference; fileEncoding = 4; lastKnownFileType = text; path = VERSION; sourceTree = "<group>"; };
		5D1DE326182866AB0086E6A1 /* SmallBet.framework */ = {isa = PBXFileReference; lastKnownFileType = wrapper.framework; path = SmallBet.framework; sourceTree = "<group>"; };
		5D1DE32F182867F20086E6A1 /* AFHTTPClient.h */ = {isa = PBXFileReference; fileEncoding = 4; lastKnownFileType = sourcecode.c.h; path = AFHTTPClient.h; sourceTree = "<group>"; };
		5D1DE330182867F20086E6A1 /* AFHTTPClient.m */ = {isa = PBXFileReference; fileEncoding = 4; lastKnownFileType = sourcecode.c.objc; path = AFHTTPClient.m; sourceTree = "<group>"; };
		5D1DE331182867F20086E6A1 /* AFHTTPRequestOperation.h */ = {isa = PBXFileReference; fileEncoding = 4; lastKnownFileType = sourcecode.c.h; path = AFHTTPRequestOperation.h; sourceTree = "<group>"; };
		5D1DE332182867F20086E6A1 /* AFHTTPRequestOperation.m */ = {isa = PBXFileReference; fileEncoding = 4; lastKnownFileType = sourcecode.c.objc; path = AFHTTPRequestOperation.m; sourceTree = "<group>"; };
		5D1DE333182867F20086E6A1 /* AFImageRequestOperation.h */ = {isa = PBXFileReference; fileEncoding = 4; lastKnownFileType = sourcecode.c.h; path = AFImageRequestOperation.h; sourceTree = "<group>"; };
		5D1DE334182867F20086E6A1 /* AFImageRequestOperation.m */ = {isa = PBXFileReference; fileEncoding = 4; lastKnownFileType = sourcecode.c.objc; path = AFImageRequestOperation.m; sourceTree = "<group>"; };
		5D1DE335182867F20086E6A1 /* AFJSONRequestOperation.h */ = {isa = PBXFileReference; fileEncoding = 4; lastKnownFileType = sourcecode.c.h; path = AFJSONRequestOperation.h; sourceTree = "<group>"; };
		5D1DE336182867F20086E6A1 /* AFJSONRequestOperation.m */ = {isa = PBXFileReference; fileEncoding = 4; lastKnownFileType = sourcecode.c.objc; path = AFJSONRequestOperation.m; sourceTree = "<group>"; };
		5D1DE337182867F20086E6A1 /* AFNetworkActivityIndicatorManager.h */ = {isa = PBXFileReference; fileEncoding = 4; lastKnownFileType = sourcecode.c.h; path = AFNetworkActivityIndicatorManager.h; sourceTree = "<group>"; };
		5D1DE338182867F20086E6A1 /* AFNetworkActivityIndicatorManager.m */ = {isa = PBXFileReference; fileEncoding = 4; lastKnownFileType = sourcecode.c.objc; path = AFNetworkActivityIndicatorManager.m; sourceTree = "<group>"; };
		5D1DE339182867F20086E6A1 /* AFNetworking.h */ = {isa = PBXFileReference; fileEncoding = 4; lastKnownFileType = sourcecode.c.h; path = AFNetworking.h; sourceTree = "<group>"; };
		5D1DE33A182867F20086E6A1 /* AFPropertyListRequestOperation.h */ = {isa = PBXFileReference; fileEncoding = 4; lastKnownFileType = sourcecode.c.h; path = AFPropertyListRequestOperation.h; sourceTree = "<group>"; };
		5D1DE33B182867F20086E6A1 /* AFPropertyListRequestOperation.m */ = {isa = PBXFileReference; fileEncoding = 4; lastKnownFileType = sourcecode.c.objc; path = AFPropertyListRequestOperation.m; sourceTree = "<group>"; };
		5D1DE33C182867F20086E6A1 /* AFURLConnectionOperation.h */ = {isa = PBXFileReference; fileEncoding = 4; lastKnownFileType = sourcecode.c.h; path = AFURLConnectionOperation.h; sourceTree = "<group>"; };
		5D1DE33D182867F20086E6A1 /* AFURLConnectionOperation.m */ = {isa = PBXFileReference; fileEncoding = 4; lastKnownFileType = sourcecode.c.objc; path = AFURLConnectionOperation.m; sourceTree = "<group>"; };
		5D1DE33E182867F20086E6A1 /* AFXMLRequestOperation.h */ = {isa = PBXFileReference; fileEncoding = 4; lastKnownFileType = sourcecode.c.h; path = AFXMLRequestOperation.h; sourceTree = "<group>"; };
		5D1DE33F182867F20086E6A1 /* AFXMLRequestOperation.m */ = {isa = PBXFileReference; fileEncoding = 4; lastKnownFileType = sourcecode.c.objc; path = AFXMLRequestOperation.m; sourceTree = "<group>"; };
		5D1DE340182867F20086E6A1 /* UIImageView+AFNetworking.h */ = {isa = PBXFileReference; fileEncoding = 4; lastKnownFileType = sourcecode.c.h; path = "UIImageView+AFNetworking.h"; sourceTree = "<group>"; };
		5D1DE341182867F20086E6A1 /* UIImageView+AFNetworking.m */ = {isa = PBXFileReference; fileEncoding = 4; lastKnownFileType = sourcecode.c.objc; path = "UIImageView+AFNetworking.m"; sourceTree = "<group>"; };
		5D1DE34E182939EB0086E6A1 /* CLSSlidingNode.h */ = {isa = PBXFileReference; fileEncoding = 4; lastKnownFileType = sourcecode.c.h; path = CLSSlidingNode.h; sourceTree = "<group>"; };
		5D1DE34F182939EB0086E6A1 /* CLSSlidingNode.m */ = {isa = PBXFileReference; fileEncoding = 4; lastKnownFileType = sourcecode.c.objc; path = CLSSlidingNode.m; sourceTree = "<group>"; };
		5D4EBB5C182790ED00204561 /* cola.atlas */ = {isa = PBXFileReference; lastKnownFileType = folder.skatlas; path = cola.atlas; sourceTree = "<group>"; };
		5D70EB2D182014DF00482B00 /* CLSKickScene.h */ = {isa = PBXFileReference; fileEncoding = 4; lastKnownFileType = sourcecode.c.h; path = CLSKickScene.h; sourceTree = "<group>"; };
		5D70EB2E182014DF00482B00 /* CLSKickScene.m */ = {isa = PBXFileReference; fileEncoding = 4; lastKnownFileType = sourcecode.c.objc; path = CLSKickScene.m; sourceTree = "<group>"; };
		5DB702EC1821BCB800964CC5 /* CLSKickCanSprite.h */ = {isa = PBXFileReference; fileEncoding = 4; lastKnownFileType = sourcecode.c.h; path = CLSKickCanSprite.h; sourceTree = "<group>"; };
		5DB702ED1821BCB800964CC5 /* CLSKickCanSprite.m */ = {isa = PBXFileReference; fileEncoding = 4; lastKnownFileType = sourcecode.c.objc; path = CLSKickCanSprite.m; sourceTree = "<group>"; };
		5DD72D8218268E330048D928 /* SKTUtils.h */ = {isa = PBXFileReference; fileEncoding = 4; lastKnownFileType = sourcecode.c.h; path = SKTUtils.h; sourceTree = "<group>"; };
		5DD72D8318268E330048D928 /* SKTUtils.mm */ = {isa = PBXFileReference; fileEncoding = 4; lastKnownFileType = sourcecode.cpp.objcpp; path = SKTUtils.mm; sourceTree = "<group>"; };
		5DDCD34018297B7600EAE915 /* CLSGameProgressionDelegate.h */ = {isa = PBXFileReference; lastKnownFileType = sourcecode.c.h; path = CLSGameProgressionDelegate.h; sourceTree = "<group>"; };
/* End PBXFileReference section */

/* Begin PBXFrameworksBuildPhase section */
		5D07FE7718184DF400CE924D /* Frameworks */ = {
			isa = PBXFrameworksBuildPhase;
			buildActionMask = 2147483647;
			files = (
				5D07FE8018184DF400CE924D /* CoreGraphics.framework in Frameworks */,
				5D07FE8218184DF400CE924D /* UIKit.framework in Frameworks */,
				5D1DE32D182866AB0086E6A1 /* SmallBet.framework in Frameworks */,
				5D07FE7E18184DF400CE924D /* Foundation.framework in Frameworks */,
			);
			runOnlyForDeploymentPostprocessing = 0;
		};
		5D07FE9218184DF400CE924D /* Frameworks */ = {
			isa = PBXFrameworksBuildPhase;
			buildActionMask = 2147483647;
			files = (
				5D07FE9718184DF400CE924D /* XCTest.framework in Frameworks */,
				5D07FE9918184DF400CE924D /* UIKit.framework in Frameworks */,
				5D07FE9818184DF400CE924D /* Foundation.framework in Frameworks */,
			);
			runOnlyForDeploymentPostprocessing = 0;
		};
/* End PBXFrameworksBuildPhase section */

/* Begin PBXGroup section */
		5D07FE7118184DF400CE924D = {
			isa = PBXGroup;
			children = (
				5D07FE8318184DF400CE924D /* Cola Shaker */,
				5D07FE9C18184DF400CE924D /* Cola ShakerTests */,
				5D1DE34B1828681D0086E6A1 /* Vendor */,
				5D07FE7C18184DF400CE924D /* Frameworks */,
				5D07FE7B18184DF400CE924D /* Products */,
			);
			sourceTree = "<group>";
		};
		5D07FE7B18184DF400CE924D /* Products */ = {
			isa = PBXGroup;
			children = (
				5D07FE7A18184DF400CE924D /* Cola Shaker.app */,
				5D07FE9518184DF400CE924D /* Cola ShakerTests.xctest */,
			);
			name = Products;
			sourceTree = "<group>";
		};
		5D07FE7C18184DF400CE924D /* Frameworks */ = {
			isa = PBXGroup;
			children = (
				5D07FE7D18184DF400CE924D /* Foundation.framework */,
				5D07FE7F18184DF400CE924D /* CoreGraphics.framework */,
				5D07FE8118184DF400CE924D /* UIKit.framework */,
				5D07FE9618184DF400CE924D /* XCTest.framework */,
			);
			name = Frameworks;
			sourceTree = "<group>";
		};
		5D07FE8318184DF400CE924D /* Cola Shaker */ = {
			isa = PBXGroup;
			children = (
				5D07FE8C18184DF400CE924D /* CLSAppDelegate.h */,
				5D07FE8D18184DF400CE924D /* CLSAppDelegate.m */,
				5D07FEAC18184E0D00CE924D /* MainStoryboard.storyboard */,
				5DDCD33E182979AD00EAE915 /* Menu */,
				5DDCD33F182979B700EAE915 /* Game */,
				5D07FE8418184DF400CE924D /* Supporting Files */,
			);
			path = "Cola Shaker";
			sourceTree = "<group>";
		};
		5D07FE8418184DF400CE924D /* Supporting Files */ = {
			isa = PBXGroup;
			children = (
				5DA405CE182795E300F337C8 /* Images */,
				5DA405CF1827960300F337C8 /* Vector Math Utilities */,
				5D07FE8518184DF400CE924D /* Cola Shaker-Info.plist */,
				5D07FE8618184DF400CE924D /* InfoPlist.strings */,
				5D07FE8918184DF400CE924D /* main.m */,
				5D07FE8B18184DF400CE924D /* Cola Shaker-Prefix.pch */,
			);
			name = "Supporting Files";
			sourceTree = "<group>";
		};
		5D07FE9C18184DF400CE924D /* Cola ShakerTests */ = {
			isa = PBXGroup;
			children = (
				5D07FEA218184DF400CE924D /* Cola_ShakerTests.m */,
				5D07FE9D18184DF400CE924D /* Supporting Files */,
			);
			path = "Cola ShakerTests";
			sourceTree = "<group>";
		};
		5D07FE9D18184DF400CE924D /* Supporting Files */ = {
			isa = PBXGroup;
			children = (
				5D07FE9E18184DF400CE924D /* Cola ShakerTests-Info.plist */,
				5D07FE9F18184DF400CE924D /* InfoPlist.strings */,
			);
			name = "Supporting Files";
			sourceTree = "<group>";
		};
		5D07FEB118184E7000CE924D /* Kicking Scene */ = {
			isa = PBXGroup;
			children = (
				5D70EB2D182014DF00482B00 /* CLSKickScene.h */,
				5D70EB2E182014DF00482B00 /* CLSKickScene.m */,
				5D1DE3091827E6E00086E6A1 /* Nodes */,
			);
			name = "Kicking Scene";
			sourceTree = "<group>";
		};
		5D07FEB81818783200CE924D /* Sprites */ = {
			isa = PBXGroup;
			children = (
				5D1DE311182800880086E6A1 /* city.atlas */,
				5DB702EC1821BCB800964CC5 /* CLSKickCanSprite.h */,
				5DB702ED1821BCB800964CC5 /* CLSKickCanSprite.m */,
				5D1DE313182814DD0086E6A1 /* CLSColaFoam.sks */,
				5D1DE314182814DD0086E6A1 /* spark.png */,
			);
			name = Sprites;
			sourceTree = "<group>";
		};
		5D1DE3061827E6B00086E6A1 /* Shaking Scene */ = {
			isa = PBXGroup;
			children = (
				5D07FEB218184E9200CE924D /* CLSShakerScene.h */,
				5D07FEB318184E9200CE924D /* CLSShakerScene.m */,
				5D1DE3081827E6CF0086E6A1 /* Nodes */,
			);
			name = "Shaking Scene";
			sourceTree = "<group>";
		};
		5D1DE3071827E6C70086E6A1 /* Sprites */ = {
			isa = PBXGroup;
			children = (
				5D07FEB51818782E00CE924D /* CLSCan.h */,
				5D07FEB61818782E00CE924D /* CLSCan.m */,
			);
			name = Sprites;
			sourceTree = "<group>";
		};
		5D1DE3081827E6CF0086E6A1 /* Nodes */ = {
			isa = PBXGroup;
			children = (
				5D1DE3071827E6C70086E6A1 /* Sprites */,
			);
			name = Nodes;
			sourceTree = "<group>";
		};
		5D1DE3091827E6E00086E6A1 /* Nodes */ = {
			isa = PBXGroup;
			children = (
				5D1DE30A1827E9730086E6A1 /* CLSKickCameraNode.h */,
				5D1DE30B1827E9730086E6A1 /* CLSKickCameraNode.m */,
				5D07FEB81818783200CE924D /* Sprites */,
			);
			name = Nodes;
			sourceTree = "<group>";
		};
		5D1DE317182862D50086E6A1 /* Menu Scene */ = {
			isa = PBXGroup;
			children = (
				5D1DE318182862F40086E6A1 /* CLSMenuScene.h */,
				5D1DE319182862F40086E6A1 /* CLSMenuScene.m */,
				5D1DE35118293A040086E6A1 /* Nodes */,
			);
			name = "Menu Scene";
			sourceTree = "<group>";
		};
		5D1DE31E182866AB0086E6A1 /* SmallBet.embeddedframework */ = {
			isa = PBXGroup;
			children = (
				5D1DE31F182866AB0086E6A1 /* Resources */,
				5D1DE326182866AB0086E6A1 /* SmallBet.framework */,
			);
			path = SmallBet.embeddedframework;
			sourceTree = "<group>";
		};
		5D1DE31F182866AB0086E6A1 /* Resources */ = {
			isa = PBXGroup;
			children = (
				5D1DE320182866AB0086E6A1 /* ACKNOWLEDGEMENTS */,
				5D1DE321182866AB0086E6A1 /* CHANGES */,
				5D1DE322182866AB0086E6A1 /* README */,
				5D1DE323182866AB0086E6A1 /* SmallBet.bundle */,
				5D1DE324182866AB0086E6A1 /* SmallBet.xcconfig */,
				5D1DE325182866AB0086E6A1 /* VERSION */,
			);
			path = Resources;
			sourceTree = "<group>";
		};
		5D1DE32E182867F20086E6A1 /* AFNetworking */ = {
			isa = PBXGroup;
			children = (
				5D1DE32F182867F20086E6A1 /* AFHTTPClient.h */,
				5D1DE330182867F20086E6A1 /* AFHTTPClient.m */,
				5D1DE331182867F20086E6A1 /* AFHTTPRequestOperation.h */,
				5D1DE332182867F20086E6A1 /* AFHTTPRequestOperation.m */,
				5D1DE333182867F20086E6A1 /* AFImageRequestOperation.h */,
				5D1DE334182867F20086E6A1 /* AFImageRequestOperation.m */,
				5D1DE335182867F20086E6A1 /* AFJSONRequestOperation.h */,
				5D1DE336182867F20086E6A1 /* AFJSONRequestOperation.m */,
				5D1DE337182867F20086E6A1 /* AFNetworkActivityIndicatorManager.h */,
				5D1DE338182867F20086E6A1 /* AFNetworkActivityIndicatorManager.m */,
				5D1DE339182867F20086E6A1 /* AFNetworking.h */,
				5D1DE33A182867F20086E6A1 /* AFPropertyListRequestOperation.h */,
				5D1DE33B182867F20086E6A1 /* AFPropertyListRequestOperation.m */,
				5D1DE33C182867F20086E6A1 /* AFURLConnectionOperation.h */,
				5D1DE33D182867F20086E6A1 /* AFURLConnectionOperation.m */,
				5D1DE33E182867F20086E6A1 /* AFXMLRequestOperation.h */,
				5D1DE33F182867F20086E6A1 /* AFXMLRequestOperation.m */,
				5D1DE340182867F20086E6A1 /* UIImageView+AFNetworking.h */,
				5D1DE341182867F20086E6A1 /* UIImageView+AFNetworking.m */,
			);
			name = AFNetworking;
			path = AFNetworking/AFNetworking;
			sourceTree = "<group>";
		};
		5D1DE34B1828681D0086E6A1 /* Vendor */ = {
			isa = PBXGroup;
			children = (
				5D1DE31E182866AB0086E6A1 /* SmallBet.embeddedframework */,
				5D1DE32E182867F20086E6A1 /* AFNetworking */,
			);
			name = Vendor;
			sourceTree = "<group>";
		};
		5D1DE35118293A040086E6A1 /* Nodes */ = {
			isa = PBXGroup;
			children = (
				5D1DE34E182939EB0086E6A1 /* CLSSlidingNode.h */,
				5D1DE34F182939EB0086E6A1 /* CLSSlidingNode.m */,
			);
			name = Nodes;
			sourceTree = "<group>";
		};
		5DA405CE182795E300F337C8 /* Images */ = {
			isa = PBXGroup;
			children = (
				5D4EBB5C182790ED00204561 /* cola.atlas */,
				5D07FE8F18184DF400CE924D /* Images.xcassets */,
			);
			name = Images;
			sourceTree = "<group>";
		};
		5DA405CF1827960300F337C8 /* Vector Math Utilities */ = {
			isa = PBXGroup;
			children = (
				5DD72D8218268E330048D928 /* SKTUtils.h */,
				5DD72D8318268E330048D928 /* SKTUtils.mm */,
			);
			name = "Vector Math Utilities";
			sourceTree = "<group>";
		};
		5DDCD33E182979AD00EAE915 /* Menu */ = {
			isa = PBXGroup;
			children = (
				5D1DE31B182863080086E6A1 /* CLSMenuViewController.h */,
				5D1DE31C182863080086E6A1 /* CLSMenuViewController.m */,
				5D1DE317182862D50086E6A1 /* Menu Scene */,
			);
			name = Menu;
			sourceTree = "<group>";
		};
		5DDCD33F182979B700EAE915 /* Game */ = {
			isa = PBXGroup;
			children = (
				5D07FEAE18184E3A00CE924D /* CLSGameViewController.h */,
				5D07FEAF18184E3A00CE924D /* CLSGameViewController.m */,
				5DDCD34018297B7600EAE915 /* CLSGameProgressionDelegate.h */,
				5D1DE3061827E6B00086E6A1 /* Shaking Scene */,
				5D07FEB118184E7000CE924D /* Kicking Scene */,
			);
			name = Game;
			sourceTree = "<group>";
		};
/* End PBXGroup section */

/* Begin PBXNativeTarget section */
		5D07FE7918184DF400CE924D /* Cola Shaker */ = {
			isa = PBXNativeTarget;
			buildConfigurationList = 5D07FEA618184DF400CE924D /* Build configuration list for PBXNativeTarget "Cola Shaker" */;
			buildPhases = (
				5D07FE7618184DF400CE924D /* Sources */,
				5D07FE7718184DF400CE924D /* Frameworks */,
				5D07FE7818184DF400CE924D /* Resources */,
			);
			buildRules = (
			);
			dependencies = (
			);
			name = "Cola Shaker";
			productName = "Cola Shaker";
			productReference = 5D07FE7A18184DF400CE924D /* Cola Shaker.app */;
			productType = "com.apple.product-type.application";
		};
		5D07FE9418184DF400CE924D /* Cola ShakerTests */ = {
			isa = PBXNativeTarget;
			buildConfigurationList = 5D07FEA918184DF400CE924D /* Build configuration list for PBXNativeTarget "Cola ShakerTests" */;
			buildPhases = (
				5D07FE9118184DF400CE924D /* Sources */,
				5D07FE9218184DF400CE924D /* Frameworks */,
				5D07FE9318184DF400CE924D /* Resources */,
			);
			buildRules = (
			);
			dependencies = (
				5D07FE9B18184DF400CE924D /* PBXTargetDependency */,
			);
			name = "Cola ShakerTests";
			productName = "Cola ShakerTests";
			productReference = 5D07FE9518184DF400CE924D /* Cola ShakerTests.xctest */;
			productType = "com.apple.product-type.bundle.unit-test";
		};
/* End PBXNativeTarget section */

/* Begin PBXProject section */
		5D07FE7218184DF400CE924D /* Project object */ = {
			isa = PBXProject;
			attributes = {
				CLASSPREFIX = CLS;
				LastUpgradeCheck = 0500;
				ORGANIZATIONNAME = "Joel Parsons";
				TargetAttributes = {
					5D07FE7918184DF400CE924D = {
						DevelopmentTeam = ALU6Y3BNWP;
					};
					5D07FE9418184DF400CE924D = {
						TestTargetID = 5D07FE7918184DF400CE924D;
					};
				};
			};
			buildConfigurationList = 5D07FE7518184DF400CE924D /* Build configuration list for PBXProject "Cola Shaker" */;
			compatibilityVersion = "Xcode 3.2";
			developmentRegion = English;
			hasScannedForEncodings = 0;
			knownRegions = (
				en,
			);
			mainGroup = 5D07FE7118184DF400CE924D;
			productRefGroup = 5D07FE7B18184DF400CE924D /* Products */;
			projectDirPath = "";
			projectRoot = "";
			targets = (
				5D07FE7918184DF400CE924D /* Cola Shaker */,
				5D07FE9418184DF400CE924D /* Cola ShakerTests */,
			);
		};
/* End PBXProject section */

/* Begin PBXResourcesBuildPhase section */
		5D07FE7818184DF400CE924D /* Resources */ = {
			isa = PBXResourcesBuildPhase;
			buildActionMask = 2147483647;
			files = (
				5D1DE32B182866AB0086E6A1 /* SmallBet.xcconfig in Resources */,
				5D1DE32C182866AB0086E6A1 /* VERSION in Resources */,
				5D1DE329182866AB0086E6A1 /* README in Resources */,
				5D1DE312182800880086E6A1 /* city.atlas in Resources */,
				5D07FEAD18184E0D00CE924D /* MainStoryboard.storyboard in Resources */,
				5D1DE315182814DD0086E6A1 /* CLSColaFoam.sks in Resources */,
				5D1DE328182866AB0086E6A1 /* CHANGES in Resources */,
				5D1DE327182866AB0086E6A1 /* ACKNOWLEDGEMENTS in Resources */,
				5D4EBB5D182790ED00204561 /* cola.atlas in Resources */,
				5D07FE8818184DF400CE924D /* InfoPlist.strings in Resources */,
				5D1DE32A182866AB0086E6A1 /* SmallBet.bundle in Resources */,
				5D1DE316182814DD0086E6A1 /* spark.png in Resources */,
				5D07FE9018184DF400CE924D /* Images.xcassets in Resources */,
			);
			runOnlyForDeploymentPostprocessing = 0;
		};
		5D07FE9318184DF400CE924D /* Resources */ = {
			isa = PBXResourcesBuildPhase;
			buildActionMask = 2147483647;
			files = (
				5D07FEA118184DF400CE924D /* InfoPlist.strings in Resources */,
			);
			runOnlyForDeploymentPostprocessing = 0;
		};
/* End PBXResourcesBuildPhase section */

/* Begin PBXSourcesBuildPhase section */
		5D07FE7618184DF400CE924D /* Sources */ = {
			isa = PBXSourcesBuildPhase;
			buildActionMask = 2147483647;
			files = (
				5D1DE344182867F20086E6A1 /* AFImageRequestOperation.m in Sources */,
				5D1DE343182867F20086E6A1 /* AFHTTPRequestOperation.m in Sources */,
				5D07FE8A18184DF400CE924D /* main.m in Sources */,
				5D07FEB418184E9200CE924D /* CLSShakerScene.m in Sources */,
				5D1DE348182867F20086E6A1 /* AFURLConnectionOperation.m in Sources */,
				5D1DE346182867F20086E6A1 /* AFNetworkActivityIndicatorManager.m in Sources */,
				5DB702EE1821BCB800964CC5 /* CLSKickCanSprite.m in Sources */,
				5D07FEB018184E3A00CE924D /* CLSGameViewController.m in Sources */,
				5D1DE347182867F20086E6A1 /* AFPropertyListRequestOperation.m in Sources */,
				5D70EB2F182014DF00482B00 /* CLSKickScene.m in Sources */,
				5D1DE349182867F20086E6A1 /* AFXMLRequestOperation.m in Sources */,
				5D1DE34A182867F20086E6A1 /* UIImageView+AFNetworking.m in Sources */,
				5D07FEB71818782E00CE924D /* CLSCan.m in Sources */,
				5D1DE345182867F20086E6A1 /* AFJSONRequestOperation.m in Sources */,
				5D1DE31A182862F40086E6A1 /* CLSMenuScene.m in Sources */,
				5DD72D8418268E330048D928 /* SKTUtils.mm in Sources */,
				5D07FE8E18184DF400CE924D /* CLSAppDelegate.m in Sources */,
				5D1DE350182939EB0086E6A1 /* CLSSlidingNode.m in Sources */,
				5D1DE30C1827E9730086E6A1 /* CLSKickCameraNode.m in Sources */,
				5D1DE31D182863080086E6A1 /* CLSMenuViewController.m in Sources */,
				5D1DE342182867F20086E6A1 /* AFHTTPClient.m in Sources */,
			);
			runOnlyForDeploymentPostprocessing = 0;
		};
		5D07FE9118184DF400CE924D /* Sources */ = {
			isa = PBXSourcesBuildPhase;
			buildActionMask = 2147483647;
			files = (
				5D07FEA318184DF400CE924D /* Cola_ShakerTests.m in Sources */,
			);
			runOnlyForDeploymentPostprocessing = 0;
		};
/* End PBXSourcesBuildPhase section */

/* Begin PBXTargetDependency section */
		5D07FE9B18184DF400CE924D /* PBXTargetDependency */ = {
			isa = PBXTargetDependency;
			target = 5D07FE7918184DF400CE924D /* Cola Shaker */;
			targetProxy = 5D07FE9A18184DF400CE924D /* PBXContainerItemProxy */;
		};
/* End PBXTargetDependency section */

/* Begin PBXVariantGroup section */
		5D07FE8618184DF400CE924D /* InfoPlist.strings */ = {
			isa = PBXVariantGroup;
			children = (
				5D07FE8718184DF400CE924D /* en */,
			);
			name = InfoPlist.strings;
			sourceTree = "<group>";
		};
		5D07FE9F18184DF400CE924D /* InfoPlist.strings */ = {
			isa = PBXVariantGroup;
			children = (
				5D07FEA018184DF400CE924D /* en */,
			);
			name = InfoPlist.strings;
			sourceTree = "<group>";
		};
/* End PBXVariantGroup section */

/* Begin XCBuildConfiguration section */
		5D07FEA418184DF400CE924D /* Debug */ = {
			isa = XCBuildConfiguration;
			baseConfigurationReference = 5D1DE324182866AB0086E6A1 /* SmallBet.xcconfig */;
			buildSettings = {
				ALWAYS_SEARCH_USER_PATHS = NO;
				ARCHS = "$(ARCHS_STANDARD_INCLUDING_64_BIT)";
				CLANG_CXX_LANGUAGE_STANDARD = "gnu++0x";
				CLANG_CXX_LIBRARY = "libc++";
				CLANG_ENABLE_MODULES = YES;
				CLANG_ENABLE_OBJC_ARC = YES;
				CLANG_WARN_BOOL_CONVERSION = YES;
				CLANG_WARN_CONSTANT_CONVERSION = YES;
				CLANG_WARN_DIRECT_OBJC_ISA_USAGE = YES_ERROR;
				CLANG_WARN_EMPTY_BODY = YES;
				CLANG_WARN_ENUM_CONVERSION = YES;
				CLANG_WARN_INT_CONVERSION = YES;
				CLANG_WARN_OBJC_ROOT_CLASS = YES_ERROR;
				CLANG_WARN__DUPLICATE_METHOD_MATCH = YES;
				"CODE_SIGN_IDENTITY[sdk=iphoneos*]" = "iPhone Developer";
				COPY_PHASE_STRIP = NO;
				GCC_C_LANGUAGE_STANDARD = gnu99;
				GCC_DYNAMIC_NO_PIC = NO;
				GCC_OPTIMIZATION_LEVEL = 0;
				GCC_PREPROCESSOR_DEFINITIONS = (
					"DEBUG=1",
					"$(inherited)",
				);
				GCC_SYMBOLS_PRIVATE_EXTERN = NO;
				GCC_WARN_64_TO_32_BIT_CONVERSION = YES;
				GCC_WARN_ABOUT_RETURN_TYPE = YES_ERROR;
				GCC_WARN_UNDECLARED_SELECTOR = YES;
				GCC_WARN_UNINITIALIZED_AUTOS = YES;
				GCC_WARN_UNUSED_FUNCTION = YES;
				GCC_WARN_UNUSED_VARIABLE = YES;
				IPHONEOS_DEPLOYMENT_TARGET = 7.0;
				ONLY_ACTIVE_ARCH = NO;
				SDKROOT = iphoneos;
				VALID_ARCHS = "armv7 armv7s";
			};
			name = Debug;
		};
		5D07FEA518184DF400CE924D /* Release */ = {
			isa = XCBuildConfiguration;
			baseConfigurationReference = 5D1DE324182866AB0086E6A1 /* SmallBet.xcconfig */;
			buildSettings = {
				ALWAYS_SEARCH_USER_PATHS = NO;
				ARCHS = "$(ARCHS_STANDARD_INCLUDING_64_BIT)";
				CLANG_CXX_LANGUAGE_STANDARD = "gnu++0x";
				CLANG_CXX_LIBRARY = "libc++";
				CLANG_ENABLE_MODULES = YES;
				CLANG_ENABLE_OBJC_ARC = YES;
				CLANG_WARN_BOOL_CONVERSION = YES;
				CLANG_WARN_CONSTANT_CONVERSION = YES;
				CLANG_WARN_DIRECT_OBJC_ISA_USAGE = YES_ERROR;
				CLANG_WARN_EMPTY_BODY = YES;
				CLANG_WARN_ENUM_CONVERSION = YES;
				CLANG_WARN_INT_CONVERSION = YES;
				CLANG_WARN_OBJC_ROOT_CLASS = YES_ERROR;
				CLANG_WARN__DUPLICATE_METHOD_MATCH = YES;
				"CODE_SIGN_IDENTITY[sdk=iphoneos*]" = "iPhone Developer";
				COPY_PHASE_STRIP = YES;
				ENABLE_NS_ASSERTIONS = NO;
				GCC_C_LANGUAGE_STANDARD = gnu99;
				GCC_WARN_64_TO_32_BIT_CONVERSION = YES;
				GCC_WARN_ABOUT_RETURN_TYPE = YES_ERROR;
				GCC_WARN_UNDECLARED_SELECTOR = YES;
				GCC_WARN_UNINITIALIZED_AUTOS = YES;
				GCC_WARN_UNUSED_FUNCTION = YES;
				GCC_WARN_UNUSED_VARIABLE = YES;
				IPHONEOS_DEPLOYMENT_TARGET = 7.0;
				SDKROOT = iphoneos;
				VALIDATE_PRODUCT = YES;
				VALID_ARCHS = "armv7 armv7s";
			};
			name = Release;
		};
		5D07FEA718184DF400CE924D /* Debug */ = {
			isa = XCBuildConfiguration;
			buildSettings = {
				ASSETCATALOG_COMPILER_APPICON_NAME = AppIcon;
				ASSETCATALOG_COMPILER_LAUNCHIMAGE_NAME = LaunchImage;
				CODE_SIGN_IDENTITY = "iPhone Developer";
				FRAMEWORK_SEARCH_PATHS = (
					"$(inherited)",
					"/Users/joel/Developer/Cola\\ Shaker/SmallBet.embeddedframework",
				);
				GCC_PRECOMPILE_PREFIX_HEADER = YES;
				GCC_PREFIX_HEADER = "Cola Shaker/Cola Shaker-Prefix.pch";
				INFOPLIST_FILE = "Cola Shaker/Cola Shaker-Info.plist";
				PRODUCT_NAME = "$(TARGET_NAME)";
				SPRITEKIT_TEXTURE_ATLAS_OUTPUT = YES;
				WRAPPER_EXTENSION = app;
			};
			name = Debug;
		};
		5D07FEA818184DF400CE924D /* Release */ = {
			isa = XCBuildConfiguration;
			buildSettings = {
				ASSETCATALOG_COMPILER_APPICON_NAME = AppIcon;
				ASSETCATALOG_COMPILER_LAUNCHIMAGE_NAME = LaunchImage;
				CODE_SIGN_IDENTITY = "iPhone Developer";
				FRAMEWORK_SEARCH_PATHS = (
					"$(inherited)",
					"/Users/joel/Developer/Cola\\ Shaker/SmallBet.embeddedframework",
				);
				GCC_PRECOMPILE_PREFIX_HEADER = YES;
				GCC_PREFIX_HEADER = "Cola Shaker/Cola Shaker-Prefix.pch";
				INFOPLIST_FILE = "Cola Shaker/Cola Shaker-Info.plist";
				PRODUCT_NAME = "$(TARGET_NAME)";
				SPRITEKIT_TEXTURE_ATLAS_OUTPUT = YES;
				WRAPPER_EXTENSION = app;
			};
			name = Release;
		};
		5D07FEAA18184DF400CE924D /* Debug */ = {
			isa = XCBuildConfiguration;
			buildSettings = {
				ARCHS = "$(ARCHS_STANDARD_INCLUDING_64_BIT)";
				BUNDLE_LOADER = "$(BUILT_PRODUCTS_DIR)/Cola Shaker.app/Cola Shaker";
				FRAMEWORK_SEARCH_PATHS = (
					"$(SDKROOT)/Developer/Library/Frameworks",
					"$(inherited)",
					"$(DEVELOPER_FRAMEWORKS_DIR)",
				);
				GCC_PRECOMPILE_PREFIX_HEADER = YES;
				GCC_PREFIX_HEADER = "Cola Shaker/Cola Shaker-Prefix.pch";
				GCC_PREPROCESSOR_DEFINITIONS = (
					"DEBUG=1",
					"$(inherited)",
				);
				INFOPLIST_FILE = "Cola ShakerTests/Cola ShakerTests-Info.plist";
				PRODUCT_NAME = "$(TARGET_NAME)";
				TEST_HOST = "$(BUNDLE_LOADER)";
				WRAPPER_EXTENSION = xctest;
			};
			name = Debug;
		};
		5D07FEAB18184DF400CE924D /* Release */ = {
			isa = XCBuildConfiguration;
			buildSettings = {
				ARCHS = "$(ARCHS_STANDARD_INCLUDING_64_BIT)";
				BUNDLE_LOADER = "$(BUILT_PRODUCTS_DIR)/Cola Shaker.app/Cola Shaker";
				FRAMEWORK_SEARCH_PATHS = (
					"$(SDKROOT)/Developer/Library/Frameworks",
					"$(inherited)",
					"$(DEVELOPER_FRAMEWORKS_DIR)",
				);
				GCC_PRECOMPILE_PREFIX_HEADER = YES;
				GCC_PREFIX_HEADER = "Cola Shaker/Cola Shaker-Prefix.pch";
				INFOPLIST_FILE = "Cola ShakerTests/Cola ShakerTests-Info.plist";
				PRODUCT_NAME = "$(TARGET_NAME)";
				TEST_HOST = "$(BUNDLE_LOADER)";
				WRAPPER_EXTENSION = xctest;
			};
			name = Release;
		};
/* End XCBuildConfiguration section */

/* Begin XCConfigurationList section */
		5D07FE7518184DF400CE924D /* Build configuration list for PBXProject "Cola Shaker" */ = {
			isa = XCConfigurationList;
			buildConfigurations = (
				5D07FEA418184DF400CE924D /* Debug */,
				5D07FEA518184DF400CE924D /* Release */,
			);
			defaultConfigurationIsVisible = 0;
			defaultConfigurationName = Release;
		};
		5D07FEA618184DF400CE924D /* Build configuration list for PBXNativeTarget "Cola Shaker" */ = {
			isa = XCConfigurationList;
			buildConfigurations = (
				5D07FEA718184DF400CE924D /* Debug */,
				5D07FEA818184DF400CE924D /* Release */,
			);
			defaultConfigurationIsVisible = 0;
			defaultConfigurationName = Release;
		};
		5D07FEA918184DF400CE924D /* Build configuration list for PBXNativeTarget "Cola ShakerTests" */ = {
			isa = XCConfigurationList;
			buildConfigurations = (
				5D07FEAA18184DF400CE924D /* Debug */,
				5D07FEAB18184DF400CE924D /* Release */,
			);
			defaultConfigurationIsVisible = 0;
			defaultConfigurationName = Release;
		};
/* End XCConfigurationList section */
	};
	rootObject = 5D07FE7218184DF400CE924D /* Project object */;
}
